
Microsoft Visual Studio Solution File, Format Version 12.00
# Visual Studio 2012
Project("{FAE04EC0-301F-11D3-BF4B-00C04F79EFBC}") = "ReflectionUtils", "ReflectionUtils\ReflectionUtils.csproj", "{E9512755-2E8A-4FEE-A21A-AF246B10BFAE}"
EndProject
Project("{FAE04EC0-301F-11D3-BF4B-00C04F79EFBC}") = "ReflectionUtils-Portable", "ReflectionUtils\ReflectionUtils-Portable.csproj", "{94F83285-648D-44D4-BEFC-7D0A4EC54460}"
EndProject
Project("{FAE04EC0-301F-11D3-BF4B-00C04F79EFBC}") = "ReflectionUtils-Portable-NoLinqExpression", "ReflectionUtils\ReflectionUtils-Portable-NoLinqExpression.csproj", "{5385699B-640F-42AE-9599-1109C894E294}"
EndProject
Project("{FAE04EC0-301F-11D3-BF4B-00C04F79EFBC}") = "ReflectionUtils-WindowsStore", "ReflectionUtils\ReflectionUtils-WindowsStore.csproj", "{182F3ADA-F30A-4DE5-BC8B-2DC73C1120F0}"
EndProject
Project("{FAE04EC0-301F-11D3-BF4B-00C04F79EFBC}") = "ReflectionUtils-Net20", "ReflectionUtils\ReflectionUtils-Net20.csproj", "{AB10C319-3542-4425-BB6F-809ABACE806F}"
EndProject
Project("{FAE04EC0-301F-11D3-BF4B-00C04F79EFBC}") = "ReflectionUtils-Net30", "ReflectionUtils\ReflectionUtils-Net30.csproj", "{3E6174EC-7629-4F21-9108-81EC54C6A0BD}"
EndProject
Project("{FAE04EC0-301F-11D3-BF4B-00C04F79EFBC}") = "ReflectionUtils-Net35", "ReflectionUtils\ReflectionUtils-Net35.csproj", "{2D712FD5-F701-4352-B3D3-B361CA8E6035}"
EndProject
Project("{FAE04EC0-301F-11D3-BF4B-00C04F79EFBC}") = "ReflectionUtils-Net40", "ReflectionUtils\ReflectionUtils-Net40.csproj", "{FF24EA6A-5213-49C1-A4E9-A6C070324A33}"
EndProject
Project("{FAE04EC0-301F-11D3-BF4B-00C04F79EFBC}") = "ReflectionUtils-SL5", "ReflectionUtils\ReflectionUtils-SL5.csproj", "{08AFCCE1-4156-4EC0-A9CF-3B1D616E1BCD}"
EndProject
Project("{FAE04EC0-301F-11D3-BF4B-00C04F79EFBC}") = "ReflectionUtils-SL4", "ReflectionUtils\ReflectionUtils-SL4.csproj", "{611E69E8-4905-4C1D-9753-923BEDCE8FE2}"
EndProject
Global
	GlobalSection(SolutionConfigurationPlatforms) = preSolution
		Debug|Any CPU = Debug|Any CPU
		Debug|ARM = Debug|ARM
		Debug|Mixed Platforms = Debug|Mixed Platforms
		Debug|x64 = Debug|x64
		Debug|x86 = Debug|x86
		Release|Any CPU = Release|Any CPU
		Release|ARM = Release|ARM
		Release|Mixed Platforms = Release|Mixed Platforms
		Release|x64 = Release|x64
		Release|x86 = Release|x86
	EndGlobalSection
	GlobalSection(ProjectConfigurationPlatforms) = postSolution
		{E9512755-2E8A-4FEE-A21A-AF246B10BFAE}.Debug|Any CPU.ActiveCfg = Debug|x86
		{E9512755-2E8A-4FEE-A21A-AF246B10BFAE}.Debug|ARM.ActiveCfg = Debug|x86
		{E9512755-2E8A-4FEE-A21A-AF246B10BFAE}.Debug|Mixed Platforms.ActiveCfg = Debug|x86
		{E9512755-2E8A-4FEE-A21A-AF246B10BFAE}.Debug|Mixed Platforms.Build.0 = Debug|x86
		{E9512755-2E8A-4FEE-A21A-AF246B10BFAE}.Debug|x64.ActiveCfg = Debug|x86
		{E9512755-2E8A-4FEE-A21A-AF246B10BFAE}.Debug|x86.ActiveCfg = Debug|x86
		{E9512755-2E8A-4FEE-A21A-AF246B10BFAE}.Debug|x86.Build.0 = Debug|x86
		{E9512755-2E8A-4FEE-A21A-AF246B10BFAE}.Release|Any CPU.ActiveCfg = Release|x86
		{E9512755-2E8A-4FEE-A21A-AF246B10BFAE}.Release|ARM.ActiveCfg = Release|x86
		{E9512755-2E8A-4FEE-A21A-AF246B10BFAE}.Release|Mixed Platforms.ActiveCfg = Release|x86
		{E9512755-2E8A-4FEE-A21A-AF246B10BFAE}.Release|Mixed Platforms.Build.0 = Release|x86
		{E9512755-2E8A-4FEE-A21A-AF246B10BFAE}.Release|x64.ActiveCfg = Release|x86
		{E9512755-2E8A-4FEE-A21A-AF246B10BFAE}.Release|x86.ActiveCfg = Release|x86
		{E9512755-2E8A-4FEE-A21A-AF246B10BFAE}.Release|x86.Build.0 = Release|x86
		{94F83285-648D-44D4-BEFC-7D0A4EC54460}.Debug|Any CPU.ActiveCfg = Debug|Any CPU
		{94F83285-648D-44D4-BEFC-7D0A4EC54460}.Debug|Any CPU.Build.0 = Debug|Any CPU
		{94F83285-648D-44D4-BEFC-7D0A4EC54460}.Debug|ARM.ActiveCfg = Debug|Any CPU
		{94F83285-648D-44D4-BEFC-7D0A4EC54460}.Debug|Mixed Platforms.ActiveCfg = Debug|Any CPU
		{94F83285-648D-44D4-BEFC-7D0A4EC54460}.Debug|Mixed Platforms.Build.0 = Debug|Any CPU
		{94F83285-648D-44D4-BEFC-7D0A4EC54460}.Debug|x64.ActiveCfg = Debug|Any CPU
		{94F83285-648D-44D4-BEFC-7D0A4EC54460}.Debug|x86.ActiveCfg = Debug|Any CPU
		{94F83285-648D-44D4-BEFC-7D0A4EC54460}.Release|Any CPU.ActiveCfg = Release|Any CPU
		{94F83285-648D-44D4-BEFC-7D0A4EC54460}.Release|Any CPU.Build.0 = Release|Any CPU
		{94F83285-648D-44D4-BEFC-7D0A4EC54460}.Release|ARM.ActiveCfg = Release|Any CPU
		{94F83285-648D-44D4-BEFC-7D0A4EC54460}.Release|Mixed Platforms.ActiveCfg = Release|Any CPU
		{94F83285-648D-44D4-BEFC-7D0A4EC54460}.Release|Mixed Platforms.Build.0 = Release|Any CPU
		{94F83285-648D-44D4-BEFC-7D0A4EC54460}.Release|x64.ActiveCfg = Release|Any CPU
		{94F83285-648D-44D4-BEFC-7D0A4EC54460}.Release|x86.ActiveCfg = Release|Any CPU
		{5385699B-640F-42AE-9599-1109C894E294}.Debug|Any CPU.ActiveCfg = Debug|Any CPU
		{5385699B-640F-42AE-9599-1109C894E294}.Debug|Any CPU.Build.0 = Debug|Any CPU
		{5385699B-640F-42AE-9599-1109C894E294}.Debug|ARM.ActiveCfg = Debug|Any CPU
		{5385699B-640F-42AE-9599-1109C894E294}.Debug|Mixed Platforms.ActiveCfg = Debug|Any CPU
		{5385699B-640F-42AE-9599-1109C894E294}.Debug|Mixed Platforms.Build.0 = Debug|Any CPU
		{5385699B-640F-42AE-9599-1109C894E294}.Debug|x64.ActiveCfg = Debug|Any CPU
		{5385699B-640F-42AE-9599-1109C894E294}.Debug|x86.ActiveCfg = Debug|Any CPU
		{5385699B-640F-42AE-9599-1109C894E294}.Release|Any CPU.ActiveCfg = Release|Any CPU
		{5385699B-640F-42AE-9599-1109C894E294}.Release|Any CPU.Build.0 = Release|Any CPU
		{5385699B-640F-42AE-9599-1109C894E294}.Release|ARM.ActiveCfg = Release|Any CPU
		{5385699B-640F-42AE-9599-1109C894E294}.Release|Mixed Platforms.ActiveCfg = Release|Any CPU
		{5385699B-640F-42AE-9599-1109C894E294}.Release|Mixed Platforms.Build.0 = Release|Any CPU
		{5385699B-640F-42AE-9599-1109C894E294}.Release|x64.ActiveCfg = Release|Any CPU
		{5385699B-640F-42AE-9599-1109C894E294}.Release|x86.ActiveCfg = Release|Any CPU
		{182F3ADA-F30A-4DE5-BC8B-2DC73C1120F0}.Debug|Any CPU.ActiveCfg = Debug|Any CPU
		{182F3ADA-F30A-4DE5-BC8B-2DC73C1120F0}.Debug|Any CPU.Build.0 = Debug|Any CPU
		{182F3ADA-F30A-4DE5-BC8B-2DC73C1120F0}.Debug|ARM.ActiveCfg = Debug|ARM
		{182F3ADA-F30A-4DE5-BC8B-2DC73C1120F0}.Debug|ARM.Build.0 = Debug|ARM
		{182F3ADA-F30A-4DE5-BC8B-2DC73C1120F0}.Debug|Mixed Platforms.ActiveCfg = Debug|x86
		{182F3ADA-F30A-4DE5-BC8B-2DC73C1120F0}.Debug|Mixed Platforms.Build.0 = Debug|x86
		{182F3ADA-F30A-4DE5-BC8B-2DC73C1120F0}.Debug|x64.ActiveCfg = Debug|x64
		{182F3ADA-F30A-4DE5-BC8B-2DC73C1120F0}.Debug|x64.Build.0 = Debug|x64
		{182F3ADA-F30A-4DE5-BC8B-2DC73C1120F0}.Debug|x86.ActiveCfg = Debug|x86
		{182F3ADA-F30A-4DE5-BC8B-2DC73C1120F0}.Debug|x86.Build.0 = Debug|x86
		{182F3ADA-F30A-4DE5-BC8B-2DC73C1120F0}.Release|Any CPU.ActiveCfg = Release|Any CPU
		{182F3ADA-F30A-4DE5-BC8B-2DC73C1120F0}.Release|Any CPU.Build.0 = Release|Any CPU
		{182F3ADA-F30A-4DE5-BC8B-2DC73C1120F0}.Release|ARM.ActiveCfg = Release|ARM
		{182F3ADA-F30A-4DE5-BC8B-2DC73C1120F0}.Release|ARM.Build.0 = Release|ARM
		{182F3ADA-F30A-4DE5-BC8B-2DC73C1120F0}.Release|Mixed Platforms.ActiveCfg = Release|x86
		{182F3ADA-F30A-4DE5-BC8B-2DC73C1120F0}.Release|Mixed Platforms.Build.0 = Release|x86
		{182F3ADA-F30A-4DE5-BC8B-2DC73C1120F0}.Release|x64.ActiveCfg = Release|x64
		{182F3ADA-F30A-4DE5-BC8B-2DC73C1120F0}.Release|x64.Build.0 = Release|x64
		{182F3ADA-F30A-4DE5-BC8B-2DC73C1120F0}.Release|x86.ActiveCfg = Release|x86
		{182F3ADA-F30A-4DE5-BC8B-2DC73C1120F0}.Release|x86.Build.0 = Release|x86
		{AB10C319-3542-4425-BB6F-809ABACE806F}.Debug|Any CPU.ActiveCfg = Debug|Any CPU
		{AB10C319-3542-4425-BB6F-809ABACE806F}.Debug|Any CPU.Build.0 = Debug|Any CPU
		{AB10C319-3542-4425-BB6F-809ABACE806F}.Debug|ARM.ActiveCfg = Debug|Any CPU
		{AB10C319-3542-4425-BB6F-809ABACE806F}.Debug|Mixed Platforms.ActiveCfg = Debug|Any CPU
		{AB10C319-3542-4425-BB6F-809ABACE806F}.Debug|Mixed Platforms.Build.0 = Debug|Any CPU
		{AB10C319-3542-4425-BB6F-809ABACE806F}.Debug|x64.ActiveCfg = Debug|Any CPU
		{AB10C319-3542-4425-BB6F-809ABACE806F}.Debug|x86.ActiveCfg = Debug|Any CPU
		{AB10C319-3542-4425-BB6F-809ABACE806F}.Release|Any CPU.ActiveCfg = Release|Any CPU
		{AB10C319-3542-4425-BB6F-809ABACE806F}.Release|Any CPU.Build.0 = Release|Any CPU
		{AB10C319-3542-4425-BB6F-809ABACE806F}.Release|ARM.ActiveCfg = Release|Any CPU
		{AB10C319-3542-4425-BB6F-809ABACE806F}.Release|Mixed Platforms.ActiveCfg = Release|Any CPU
		{AB10C319-3542-4425-BB6F-809ABACE806F}.Release|Mixed Platforms.Build.0 = Release|Any CPU
		{AB10C319-3542-4425-BB6F-809ABACE806F}.Release|x64.ActiveCfg = Release|Any CPU
		{AB10C319-3542-4425-BB6F-809ABACE806F}.Release|x86.ActiveCfg = Release|Any CPU
		{3E6174EC-7629-4F21-9108-81EC54C6A0BD}.Debug|Any CPU.ActiveCfg = Debug|Any CPU
		{3E6174EC-7629-4F21-9108-81EC54C6A0BD}.Debug|Any CPU.Build.0 = Debug|Any CPU
		{3E6174EC-7629-4F21-9108-81EC54C6A0BD}.Debug|ARM.ActiveCfg = Debug|Any CPU
		{3E6174EC-7629-4F21-9108-81EC54C6A0BD}.Debug|Mixed Platforms.ActiveCfg = Debug|Any CPU
		{3E6174EC-7629-4F21-9108-81EC54C6A0BD}.Debug|Mixed Platforms.Build.0 = Debug|Any CPU
		{3E6174EC-7629-4F21-9108-81EC54C6A0BD}.Debug|x64.ActiveCfg = Debug|Any CPU
		{3E6174EC-7629-4F21-9108-81EC54C6A0BD}.Debug|x86.ActiveCfg = Debug|Any CPU
		{3E6174EC-7629-4F21-9108-81EC54C6A0BD}.Release|Any CPU.ActiveCfg = Release|Any CPU
		{3E6174EC-7629-4F21-9108-81EC54C6A0BD}.Release|Any CPU.Build.0 = Release|Any CPU
		{3E6174EC-7629-4F21-9108-81EC54C6A0BD}.Release|ARM.ActiveCfg = Release|Any CPU
		{3E6174EC-7629-4F21-9108-81EC54C6A0BD}.Release|Mixed Platforms.ActiveCfg = Release|Any CPU
		{3E6174EC-7629-4F21-9108-81EC54C6A0BD}.Release|Mixed Platforms.Build.0 = Release|Any CPU
		{3E6174EC-7629-4F21-9108-81EC54C6A0BD}.Release|x64.ActiveCfg = Release|Any CPU
		{3E6174EC-7629-4F21-9108-81EC54C6A0BD}.Release|x86.ActiveCfg = Release|Any CPU
		{2D712FD5-F701-4352-B3D3-B361CA8E6035}.Debug|Any CPU.ActiveCfg = Debug|Any CPU
		{2D712FD5-F701-4352-B3D3-B361CA8E6035}.Debug|Any CPU.Build.0 = Debug|Any CPU
		{2D712FD5-F701-4352-B3D3-B361CA8E6035}.Debug|ARM.ActiveCfg = Debug|Any CPU
		{2D712FD5-F701-4352-B3D3-B361CA8E6035}.Debug|Mixed Platforms.ActiveCfg = Debug|Any CPU
		{2D712FD5-F701-4352-B3D3-B361CA8E6035}.Debug|Mixed Platforms.Build.0 = Debug|Any CPU
		{2D712FD5-F701-4352-B3D3-B361CA8E6035}.Debug|x64.ActiveCfg = Debug|Any CPU
		{2D712FD5-F701-4352-B3D3-B361CA8E6035}.Debug|x86.ActiveCfg = Debug|Any CPU
		{2D712FD5-F701-4352-B3D3-B361CA8E6035}.Release|Any CPU.ActiveCfg = Release|Any CPU
		{2D712FD5-F701-4352-B3D3-B361CA8E6035}.Release|Any CPU.Build.0 = Release|Any CPU
		{2D712FD5-F701-4352-B3D3-B361CA8E6035}.Release|ARM.ActiveCfg = Release|Any CPU
		{2D712FD5-F701-4352-B3D3-B361CA8E6035}.Release|Mixed Platforms.ActiveCfg = Release|Any CPU
		{2D712FD5-F701-4352-B3D3-B361CA8E6035}.Release|Mixed Platforms.Build.0 = Release|Any CPU
		{2D712FD5-F701-4352-B3D3-B361CA8E6035}.Release|x64.ActiveCfg = Release|Any CPU
		{2D712FD5-F701-4352-B3D3-B361CA8E6035}.Release|x86.ActiveCfg = Release|Any CPU
		{FF24EA6A-5213-49C1-A4E9-A6C070324A33}.Debug|Any CPU.ActiveCfg = Debug|Any CPU
		{FF24EA6A-5213-49C1-A4E9-A6C070324A33}.Debug|Any CPU.Build.0 = Debug|Any CPU
		{FF24EA6A-5213-49C1-A4E9-A6C070324A33}.Debug|ARM.ActiveCfg = Debug|Any CPU
		{FF24EA6A-5213-49C1-A4E9-A6C070324A33}.Debug|Mixed Platforms.ActiveCfg = Debug|Any CPU
		{FF24EA6A-5213-49C1-A4E9-A6C070324A33}.Debug|Mixed Platforms.Build.0 = Debug|Any CPU
		{FF24EA6A-5213-49C1-A4E9-A6C070324A33}.Debug|x64.ActiveCfg = Debug|Any CPU
		{FF24EA6A-5213-49C1-A4E9-A6C070324A33}.Debug|x86.ActiveCfg = Debug|Any CPU
		{FF24EA6A-5213-49C1-A4E9-A6C070324A33}.Release|Any CPU.ActiveCfg = Release|Any CPU
		{FF24EA6A-5213-49C1-A4E9-A6C070324A33}.Release|Any CPU.Build.0 = Release|Any CPU
		{FF24EA6A-5213-49C1-A4E9-A6C070324A33}.Release|ARM.ActiveCfg = Release|Any CPU
		{FF24EA6A-5213-49C1-A4E9-A6C070324A33}.Release|Mixed Platforms.ActiveCfg = Release|Any CPU
		{FF24EA6A-5213-49C1-A4E9-A6C070324A33}.Release|Mixed Platforms.Build.0 = Release|Any CPU
		{FF24EA6A-5213-49C1-A4E9-A6C070324A33}.Release|x64.ActiveCfg = Release|Any CPU
		{FF24EA6A-5213-49C1-A4E9-A6C070324A33}.Release|x86.ActiveCfg = Release|Any CPU
		{08AFCCE1-4156-4EC0-A9CF-3B1D616E1BCD}.Debug|Any CPU.ActiveCfg = Debug|Any CPU
		{08AFCCE1-4156-4EC0-A9CF-3B1D616E1BCD}.Debug|Any CPU.Build.0 = Debug|Any CPU
		{08AFCCE1-4156-4EC0-A9CF-3B1D616E1BCD}.Debug|ARM.ActiveCfg = Debug|Any CPU
		{08AFCCE1-4156-4EC0-A9CF-3B1D616E1BCD}.Debug|Mixed Platforms.ActiveCfg = Debug|Any CPU
		{08AFCCE1-4156-4EC0-A9CF-3B1D616E1BCD}.Debug|Mixed Platforms.Build.0 = Debug|Any CPU
		{08AFCCE1-4156-4EC0-A9CF-3B1D616E1BCD}.Debug|x64.ActiveCfg = Debug|Any CPU
		{08AFCCE1-4156-4EC0-A9CF-3B1D616E1BCD}.Debug|x86.ActiveCfg = Debug|Any CPU
		{08AFCCE1-4156-4EC0-A9CF-3B1D616E1BCD}.Release|Any CPU.ActiveCfg = Release|Any CPU
		{08AFCCE1-4156-4EC0-A9CF-3B1D616E1BCD}.Release|Any CPU.Build.0 = Release|Any CPU
		{08AFCCE1-4156-4EC0-A9CF-3B1D616E1BCD}.Release|ARM.ActiveCfg = Release|Any CPU
		{08AFCCE1-4156-4EC0-A9CF-3B1D616E1BCD}.Release|Mixed Platforms.ActiveCfg = Release|Any CPU
		{08AFCCE1-4156-4EC0-A9CF-3B1D616E1BCD}.Release|Mixed Platforms.Build.0 = Release|Any CPU
		{08AFCCE1-4156-4EC0-A9CF-3B1D616E1BCD}.Release|x64.ActiveCfg = Release|Any CPU
		{08AFCCE1-4156-4EC0-A9CF-3B1D616E1BCD}.Release|x86.ActiveCfg = Release|Any CPU
		{611E69E8-4905-4C1D-9753-923BEDCE8FE2}.Debug|Any CPU.ActiveCfg = Debug|Any CPU
		{611E69E8-4905-4C1D-9753-923BEDCE8FE2}.Debug|Any CPU.Build.0 = Debug|Any CPU
		{611E69E8-4905-4C1D-9753-923BEDCE8FE2}.Debug|ARM.ActiveCfg = Debug|Any CPU
		{611E69E8-4905-4C1D-9753-923BEDCE8FE2}.Debug|Mixed Platforms.ActiveCfg = Debug|Any CPU
		{611E69E8-4905-4C1D-9753-923BEDCE8FE2}.Debug|Mixed Platforms.Build.0 = Debug|Any CPU
		{611E69E8-4905-4C1D-9753-923BEDCE8FE2}.Debug|x64.ActiveCfg = Debug|Any CPU
		{611E69E8-4905-4C1D-9753-923BEDCE8FE2}.Debug|x86.ActiveCfg = Debug|Any CPU
		{611E69E8-4905-4C1D-9753-923BEDCE8FE2}.Release|Any CPU.ActiveCfg = Release|Any CPU
		{611E69E8-4905-4C1D-9753-923BEDCE8FE2}.Release|Any CPU.Build.0 = Release|Any CPU
		{611E69E8-4905-4C1D-9753-923BEDCE8FE2}.Release|ARM.ActiveCfg = Release|Any CPU
		{611E69E8-4905-4C1D-9753-923BEDCE8FE2}.Release|Mixed Platforms.ActiveCfg = Release|Any CPU
		{611E69E8-4905-4C1D-9753-923BEDCE8FE2}.Release|Mixed Platforms.Build.0 = Release|Any CPU
		{611E69E8-4905-4C1D-9753-923BEDCE8FE2}.Release|x64.ActiveCfg = Release|Any CPU
		{611E69E8-4905-4C1D-9753-923BEDCE8FE2}.Release|x86.ActiveCfg = Release|Any CPU
	EndGlobalSection
	GlobalSection(SolutionProperties) = preSolution
		HideSolutionNode = FALSE
	EndGlobalSection
EndGlobal
